
Microsoft Visual Studio Solution File, Format Version 12.00
# Visual Studio Version 16
VisualStudioVersion = 16.0.29306.81
MinimumVisualStudioVersion = 10.0.40219.1
Project("{8BC9CEB8-8B4A-11D0-8D11-00A0C91BC942}") = "4.31", "4.31\4.31.vcxproj", "{07EE1EBA-4A76-4B91-B824-D8391B10C621}"
EndProject
Global
	GlobalSection(SolutionConfigurationPlatforms) = preSolution
		Debug|x64 = Debug|x64
		Debug|x86 = Debug|x86
		Release|x64 = Release|x64
		Release|x86 = Release|x86
	EndGlobalSection
	GlobalSection(ProjectConfigurationPlatforms) = postSolution
		{07EE1EBA-4A76-4B91-B824-D8391B10C621}.Debug|x64.ActiveCfg = Debug|x64
		{07EE1EBA-4A76-4B91-B824-D8391B10C621}.Debug|x64.Build.0 = Debug|x64
		{07EE1EBA-4A76-4B91-B824-D8391B10C621}.Debug|x86.ActiveCfg = Debug|Win32
		{07EE1EBA-4A76-4B91-B824-D8391B10C621}.Debug|x86.Build.0 = Debug|Win32
		{07EE1EBA-4A76-4B91-B824-D8391B10C621}.Release|x64.ActiveCfg = Release|x64
		{07EE1EBA-4A76-4B91-B824-D8391B10C621}.Release|x64.Build.0 = Release|x64
		{07EE1EBA-4A76-4B91-B824-D8391B10C621}.Release|x86.ActiveCfg = Release|Win32
		{07EE1EBA-4A76-4B91-B824-D8391B10C621}.Release|x86.Build.0 = Release|Win32
	EndGlobalSection
	GlobalSection(SolutionProperties) = preSolution
		HideSolutionNode = FALSE
	EndGlobalSection
	GlobalSection(ExtensibilityGlobals) = postSolution
		SolutionGuid = {D43B9AF5-7ADD-4435-A1ED-3266C4669DC4}
	EndGlobalSection
EndGlobal
